
Microsoft Visual Studio Solution File, Format Version 12.00
# Visual Studio Version 16
VisualStudioVersion = 16.0.30621.155
MinimumVisualStudioVersion = 10.0.40219.1
Project("{FAE04EC0-301F-11D3-BF4B-00C04F79EFBC}") = "210_Task2", "210_Task2\210_Task2.csproj", "{8B51C929-5837-47BE-9230-F560680F8C91}"
EndProject
Project("{FAE04EC0-301F-11D3-BF4B-00C04F79EFBC}") = "210_Task3", "210_Task3\210_Task3.csproj", "{414547B0-E78F-4609-990D-57FEB22B8613}"
EndProject
Project("{FAE04EC0-301F-11D3-BF4B-00C04F79EFBC}") = "210_Task4", "210_Task4\210_Task4.csproj", "{B7D0C3A1-383B-4FC8-AF87-B122A1944A0C}"
EndProject
Project("{FAE04EC0-301F-11D3-BF4B-00C04F79EFBC}") = "210_AdditionalTask", "210_AdditionalTask\210_AdditionalTask.csproj", "{7B29E8C5-9EC9-4AE2-B276-F6D41CD647EC}"
EndProject
Global
	GlobalSection(SolutionConfigurationPlatforms) = preSolution
		Debug|Any CPU = Debug|Any CPU
		Release|Any CPU = Release|Any CPU
	EndGlobalSection
	GlobalSection(ProjectConfigurationPlatforms) = postSolution
		{8B51C929-5837-47BE-9230-F560680F8C91}.Debug|Any CPU.ActiveCfg = Debug|Any CPU
		{8B51C929-5837-47BE-9230-F560680F8C91}.Debug|Any CPU.Build.0 = Debug|Any CPU
		{8B51C929-5837-47BE-9230-F560680F8C91}.Release|Any CPU.ActiveCfg = Release|Any CPU
		{8B51C929-5837-47BE-9230-F560680F8C91}.Release|Any CPU.Build.0 = Release|Any CPU
		{414547B0-E78F-4609-990D-57FEB22B8613}.Debug|Any CPU.ActiveCfg = Debug|Any CPU
		{414547B0-E78F-4609-990D-57FEB22B8613}.Debug|Any CPU.Build.0 = Debug|Any CPU
		{414547B0-E78F-4609-990D-57FEB22B8613}.Release|Any CPU.ActiveCfg = Release|Any CPU
		{414547B0-E78F-4609-990D-57FEB22B8613}.Release|Any CPU.Build.0 = Release|Any CPU
		{B7D0C3A1-383B-4FC8-AF87-B122A1944A0C}.Debug|Any CPU.ActiveCfg = Debug|Any CPU
		{B7D0C3A1-383B-4FC8-AF87-B122A1944A0C}.Debug|Any CPU.Build.0 = Debug|Any CPU
		{B7D0C3A1-383B-4FC8-AF87-B122A1944A0C}.Release|Any CPU.ActiveCfg = Release|Any CPU
		{B7D0C3A1-383B-4FC8-AF87-B122A1944A0C}.Release|Any CPU.Build.0 = Release|Any CPU
		{7B29E8C5-9EC9-4AE2-B276-F6D41CD647EC}.Debug|Any CPU.ActiveCfg = Debug|Any CPU
		{7B29E8C5-9EC9-4AE2-B276-F6D41CD647EC}.Debug|Any CPU.Build.0 = Debug|Any CPU
		{7B29E8C5-9EC9-4AE2-B276-F6D41CD647EC}.Release|Any CPU.ActiveCfg = Release|Any CPU
		{7B29E8C5-9EC9-4AE2-B276-F6D41CD647EC}.Release|Any CPU.Build.0 = Release|Any CPU
	EndGlobalSection
	GlobalSection(SolutionProperties) = preSolution
		HideSolutionNode = FALSE
	EndGlobalSection
	GlobalSection(ExtensibilityGlobals) = postSolution
		SolutionGuid = {4AB84278-A7E0-464F-869B-FCFB313FC9F7}
	EndGlobalSection
EndGlobal
