
Microsoft Visual Studio Solution File, Format Version 12.00
# Visual Studio Version 16
VisualStudioVersion = 16.0.31019.35
MinimumVisualStudioVersion = 10.0.40219.1
Project("{FAE04EC0-301F-11D3-BF4B-00C04F79EFBC}") = "311_AdditionalTask", "311_AdditionalTask\311_AdditionalTask.csproj", "{3AD61821-F108-440E-89CF-446ED60761CF}"
EndProject
Project("{FAE04EC0-301F-11D3-BF4B-00C04F79EFBC}") = "311_Task2", "311_Task2\311_Task2.csproj", "{2CB0A62C-2D09-45FD-ACE6-89F93139A4D1}"
EndProject
Global
	GlobalSection(SolutionConfigurationPlatforms) = preSolution
		Debug|Any CPU = Debug|Any CPU
		Release|Any CPU = Release|Any CPU
	EndGlobalSection
	GlobalSection(ProjectConfigurationPlatforms) = postSolution
		{3AD61821-F108-440E-89CF-446ED60761CF}.Debug|Any CPU.ActiveCfg = Debug|Any CPU
		{3AD61821-F108-440E-89CF-446ED60761CF}.Debug|Any CPU.Build.0 = Debug|Any CPU
		{3AD61821-F108-440E-89CF-446ED60761CF}.Release|Any CPU.ActiveCfg = Release|Any CPU
		{3AD61821-F108-440E-89CF-446ED60761CF}.Release|Any CPU.Build.0 = Release|Any CPU
		{2CB0A62C-2D09-45FD-ACE6-89F93139A4D1}.Debug|Any CPU.ActiveCfg = Debug|Any CPU
		{2CB0A62C-2D09-45FD-ACE6-89F93139A4D1}.Debug|Any CPU.Build.0 = Debug|Any CPU
		{2CB0A62C-2D09-45FD-ACE6-89F93139A4D1}.Release|Any CPU.ActiveCfg = Release|Any CPU
		{2CB0A62C-2D09-45FD-ACE6-89F93139A4D1}.Release|Any CPU.Build.0 = Release|Any CPU
	EndGlobalSection
	GlobalSection(SolutionProperties) = preSolution
		HideSolutionNode = FALSE
	EndGlobalSection
	GlobalSection(ExtensibilityGlobals) = postSolution
		SolutionGuid = {282EE88E-D56D-4347-9013-905C2A00DA17}
	EndGlobalSection
EndGlobal
