
Microsoft Visual Studio Solution File, Format Version 12.00
# Visual Studio Version 16
VisualStudioVersion = 16.0.32510.428
MinimumVisualStudioVersion = 10.0.40219.1
Project("{FAE04EC0-301F-11D3-BF4B-00C04F79EFBC}") = "AdditionalTask", "AdditionalTask\AdditionalTask.csproj", "{93D1E1EC-F860-4927-905A-DAFDD7B67C9F}"
EndProject
Project("{FAE04EC0-301F-11D3-BF4B-00C04F79EFBC}") = "Task1", "Task1\Task1.csproj", "{EEDEAB53-6405-4101-95D0-EFE11E9FB7A8}"
EndProject
Global
	GlobalSection(SolutionConfigurationPlatforms) = preSolution
		Debug|Any CPU = Debug|Any CPU
		Release|Any CPU = Release|Any CPU
	EndGlobalSection
	GlobalSection(ProjectConfigurationPlatforms) = postSolution
		{93D1E1EC-F860-4927-905A-DAFDD7B67C9F}.Debug|Any CPU.ActiveCfg = Debug|Any CPU
		{93D1E1EC-F860-4927-905A-DAFDD7B67C9F}.Debug|Any CPU.Build.0 = Debug|Any CPU
		{93D1E1EC-F860-4927-905A-DAFDD7B67C9F}.Release|Any CPU.ActiveCfg = Release|Any CPU
		{93D1E1EC-F860-4927-905A-DAFDD7B67C9F}.Release|Any CPU.Build.0 = Release|Any CPU
		{EEDEAB53-6405-4101-95D0-EFE11E9FB7A8}.Debug|Any CPU.ActiveCfg = Debug|Any CPU
		{EEDEAB53-6405-4101-95D0-EFE11E9FB7A8}.Debug|Any CPU.Build.0 = Debug|Any CPU
		{EEDEAB53-6405-4101-95D0-EFE11E9FB7A8}.Release|Any CPU.ActiveCfg = Release|Any CPU
		{EEDEAB53-6405-4101-95D0-EFE11E9FB7A8}.Release|Any CPU.Build.0 = Release|Any CPU
	EndGlobalSection
	GlobalSection(SolutionProperties) = preSolution
		HideSolutionNode = FALSE
	EndGlobalSection
	GlobalSection(ExtensibilityGlobals) = postSolution
		SolutionGuid = {D425345B-0E95-42EF-8587-3B8681051472}
	EndGlobalSection
EndGlobal
