
Microsoft Visual Studio Solution File, Format Version 12.00
# Visual Studio Version 16
VisualStudioVersion = 16.0.30503.244
MinimumVisualStudioVersion = 10.0.40219.1
Project("{FAE04EC0-301F-11D3-BF4B-00C04F79EFBC}") = "013_Conversions", "013_Conversions.csproj", "{8FB60162-D4EB-4E7D-A9E6-377588C3D672}"
EndProject
Global
	GlobalSection(SolutionConfigurationPlatforms) = preSolution
		Debug|Any CPU = Debug|Any CPU
		Release|Any CPU = Release|Any CPU
	EndGlobalSection
	GlobalSection(ProjectConfigurationPlatforms) = postSolution
		{8FB60162-D4EB-4E7D-A9E6-377588C3D672}.Debug|Any CPU.ActiveCfg = Debug|Any CPU
		{8FB60162-D4EB-4E7D-A9E6-377588C3D672}.Debug|Any CPU.Build.0 = Debug|Any CPU
		{8FB60162-D4EB-4E7D-A9E6-377588C3D672}.Release|Any CPU.ActiveCfg = Release|Any CPU
		{8FB60162-D4EB-4E7D-A9E6-377588C3D672}.Release|Any CPU.Build.0 = Release|Any CPU
	EndGlobalSection
	GlobalSection(SolutionProperties) = preSolution
		HideSolutionNode = FALSE
	EndGlobalSection
	GlobalSection(ExtensibilityGlobals) = postSolution
		SolutionGuid = {6DA59F4B-EAEA-423F-B929-1A1F1DB907E6}
	EndGlobalSection
EndGlobal
