
Microsoft Visual Studio Solution File, Format Version 12.00
# Visual Studio Version 16
VisualStudioVersion = 16.0.33423.256
MinimumVisualStudioVersion = 10.0.40219.1
Project("{FAE04EC0-301F-11D3-BF4B-00C04F79EFBC}") = "Task1", "Task1\Task1.csproj", "{88B9B774-67C5-469A-9E64-E5023BB13945}"
EndProject
Project("{FAE04EC0-301F-11D3-BF4B-00C04F79EFBC}") = "Task2", "Task2\Task2.csproj", "{819D664C-72D4-47E3-83CA-145ED480A8C7}"
EndProject
Global
	GlobalSection(SolutionConfigurationPlatforms) = preSolution
		Debug|Any CPU = Debug|Any CPU
		Release|Any CPU = Release|Any CPU
	EndGlobalSection
	GlobalSection(ProjectConfigurationPlatforms) = postSolution
		{88B9B774-67C5-469A-9E64-E5023BB13945}.Debug|Any CPU.ActiveCfg = Debug|Any CPU
		{88B9B774-67C5-469A-9E64-E5023BB13945}.Debug|Any CPU.Build.0 = Debug|Any CPU
		{88B9B774-67C5-469A-9E64-E5023BB13945}.Release|Any CPU.ActiveCfg = Release|Any CPU
		{88B9B774-67C5-469A-9E64-E5023BB13945}.Release|Any CPU.Build.0 = Release|Any CPU
		{819D664C-72D4-47E3-83CA-145ED480A8C7}.Debug|Any CPU.ActiveCfg = Debug|Any CPU
		{819D664C-72D4-47E3-83CA-145ED480A8C7}.Debug|Any CPU.Build.0 = Debug|Any CPU
		{819D664C-72D4-47E3-83CA-145ED480A8C7}.Release|Any CPU.ActiveCfg = Release|Any CPU
		{819D664C-72D4-47E3-83CA-145ED480A8C7}.Release|Any CPU.Build.0 = Release|Any CPU
	EndGlobalSection
	GlobalSection(SolutionProperties) = preSolution
		HideSolutionNode = FALSE
	EndGlobalSection
	GlobalSection(ExtensibilityGlobals) = postSolution
		SolutionGuid = {5F78A1D5-E2B0-49CB-9C44-D1ECBBB79DF2}
	EndGlobalSection
EndGlobal
