
Microsoft Visual Studio Solution File, Format Version 12.00
# Visual Studio Version 16
VisualStudioVersion = 16.0.32510.428
MinimumVisualStudioVersion = 10.0.40219.1
Project("{FAE04EC0-301F-11D3-BF4B-00C04F79EFBC}") = "002_Layouts", "002_Layouts\002_Layouts.csproj", "{DA890DE1-B065-47A3-95CB-91CA60731846}"
EndProject
Project("{FAE04EC0-301F-11D3-BF4B-00C04F79EFBC}") = "Task1", "Task1\Task1.csproj", "{1E3FC8BA-341B-4ADA-935C-34FD636FB374}"
EndProject
Project("{FAE04EC0-301F-11D3-BF4B-00C04F79EFBC}") = "Task2", "Task2\Task2.csproj", "{425E7D3A-A600-40B8-B74A-7FD785CE255F}"
EndProject
Global
	GlobalSection(SolutionConfigurationPlatforms) = preSolution
		Debug|Any CPU = Debug|Any CPU
		Release|Any CPU = Release|Any CPU
	EndGlobalSection
	GlobalSection(ProjectConfigurationPlatforms) = postSolution
		{DA890DE1-B065-47A3-95CB-91CA60731846}.Debug|Any CPU.ActiveCfg = Debug|Any CPU
		{DA890DE1-B065-47A3-95CB-91CA60731846}.Debug|Any CPU.Build.0 = Debug|Any CPU
		{DA890DE1-B065-47A3-95CB-91CA60731846}.Release|Any CPU.ActiveCfg = Release|Any CPU
		{DA890DE1-B065-47A3-95CB-91CA60731846}.Release|Any CPU.Build.0 = Release|Any CPU
		{1E3FC8BA-341B-4ADA-935C-34FD636FB374}.Debug|Any CPU.ActiveCfg = Debug|Any CPU
		{1E3FC8BA-341B-4ADA-935C-34FD636FB374}.Debug|Any CPU.Build.0 = Debug|Any CPU
		{1E3FC8BA-341B-4ADA-935C-34FD636FB374}.Release|Any CPU.ActiveCfg = Release|Any CPU
		{1E3FC8BA-341B-4ADA-935C-34FD636FB374}.Release|Any CPU.Build.0 = Release|Any CPU
		{425E7D3A-A600-40B8-B74A-7FD785CE255F}.Debug|Any CPU.ActiveCfg = Debug|Any CPU
		{425E7D3A-A600-40B8-B74A-7FD785CE255F}.Debug|Any CPU.Build.0 = Debug|Any CPU
		{425E7D3A-A600-40B8-B74A-7FD785CE255F}.Release|Any CPU.ActiveCfg = Release|Any CPU
		{425E7D3A-A600-40B8-B74A-7FD785CE255F}.Release|Any CPU.Build.0 = Release|Any CPU
	EndGlobalSection
	GlobalSection(SolutionProperties) = preSolution
		HideSolutionNode = FALSE
	EndGlobalSection
	GlobalSection(ExtensibilityGlobals) = postSolution
		SolutionGuid = {A0CAAD6B-0318-49C9-A7C5-2609FB8EFEBD}
	EndGlobalSection
EndGlobal
