
Microsoft Visual Studio Solution File, Format Version 12.00
# Visual Studio Version 16
VisualStudioVersion = 16.0.30907.101
MinimumVisualStudioVersion = 10.0.40219.1
Project("{FAE04EC0-301F-11D3-BF4B-00C04F79EFBC}") = "308_Additional_Task", "308_Additional_Task\308_Additional_Task.csproj", "{7BBAA06F-20AC-49C7-88F2-0AFF1CB226BA}"
EndProject
Project("{FAE04EC0-301F-11D3-BF4B-00C04F79EFBC}") = "308_Task2", "308_Task2\308_Task2.csproj", "{144EC4C8-39F5-41AB-AC79-EB274F06BAB0}"
EndProject
Project("{FAE04EC0-301F-11D3-BF4B-00C04F79EFBC}") = "308_Task3", "308_Task3\308_Task3.csproj", "{9179E7E9-9BD1-4442-BFCB-5CAFDAF75C62}"
EndProject
Global
	GlobalSection(SolutionConfigurationPlatforms) = preSolution
		Debug|Any CPU = Debug|Any CPU
		Release|Any CPU = Release|Any CPU
	EndGlobalSection
	GlobalSection(ProjectConfigurationPlatforms) = postSolution
		{7BBAA06F-20AC-49C7-88F2-0AFF1CB226BA}.Debug|Any CPU.ActiveCfg = Debug|Any CPU
		{7BBAA06F-20AC-49C7-88F2-0AFF1CB226BA}.Debug|Any CPU.Build.0 = Debug|Any CPU
		{7BBAA06F-20AC-49C7-88F2-0AFF1CB226BA}.Release|Any CPU.ActiveCfg = Release|Any CPU
		{7BBAA06F-20AC-49C7-88F2-0AFF1CB226BA}.Release|Any CPU.Build.0 = Release|Any CPU
		{144EC4C8-39F5-41AB-AC79-EB274F06BAB0}.Debug|Any CPU.ActiveCfg = Debug|Any CPU
		{144EC4C8-39F5-41AB-AC79-EB274F06BAB0}.Debug|Any CPU.Build.0 = Debug|Any CPU
		{144EC4C8-39F5-41AB-AC79-EB274F06BAB0}.Release|Any CPU.ActiveCfg = Release|Any CPU
		{144EC4C8-39F5-41AB-AC79-EB274F06BAB0}.Release|Any CPU.Build.0 = Release|Any CPU
		{9179E7E9-9BD1-4442-BFCB-5CAFDAF75C62}.Debug|Any CPU.ActiveCfg = Debug|Any CPU
		{9179E7E9-9BD1-4442-BFCB-5CAFDAF75C62}.Debug|Any CPU.Build.0 = Debug|Any CPU
		{9179E7E9-9BD1-4442-BFCB-5CAFDAF75C62}.Release|Any CPU.ActiveCfg = Release|Any CPU
		{9179E7E9-9BD1-4442-BFCB-5CAFDAF75C62}.Release|Any CPU.Build.0 = Release|Any CPU
	EndGlobalSection
	GlobalSection(SolutionProperties) = preSolution
		HideSolutionNode = FALSE
	EndGlobalSection
	GlobalSection(ExtensibilityGlobals) = postSolution
		SolutionGuid = {EABA8B43-116E-48E8-8E2F-70EE2613F902}
	EndGlobalSection
EndGlobal
