
Microsoft Visual Studio Solution File, Format Version 12.00
# Visual Studio Version 16
VisualStudioVersion = 16.0.32510.428
MinimumVisualStudioVersion = 10.0.40219.1
Project("{FAE04EC0-301F-11D3-BF4B-00C04F79EFBC}") = "AdditionalTask", "AdditionalTask\AdditionalTask.csproj", "{B77A9730-6FBC-49DD-B276-460F354776D4}"
EndProject
Project("{FAE04EC0-301F-11D3-BF4B-00C04F79EFBC}") = "Task1", "Task1\Task1.csproj", "{773EA943-4FED-4BD8-B588-2B2DB2F831E7}"
EndProject
Global
	GlobalSection(SolutionConfigurationPlatforms) = preSolution
		Debug|Any CPU = Debug|Any CPU
		Release|Any CPU = Release|Any CPU
	EndGlobalSection
	GlobalSection(ProjectConfigurationPlatforms) = postSolution
		{B77A9730-6FBC-49DD-B276-460F354776D4}.Debug|Any CPU.ActiveCfg = Debug|Any CPU
		{B77A9730-6FBC-49DD-B276-460F354776D4}.Debug|Any CPU.Build.0 = Debug|Any CPU
		{B77A9730-6FBC-49DD-B276-460F354776D4}.Release|Any CPU.ActiveCfg = Release|Any CPU
		{B77A9730-6FBC-49DD-B276-460F354776D4}.Release|Any CPU.Build.0 = Release|Any CPU
		{773EA943-4FED-4BD8-B588-2B2DB2F831E7}.Debug|Any CPU.ActiveCfg = Debug|Any CPU
		{773EA943-4FED-4BD8-B588-2B2DB2F831E7}.Debug|Any CPU.Build.0 = Debug|Any CPU
		{773EA943-4FED-4BD8-B588-2B2DB2F831E7}.Release|Any CPU.ActiveCfg = Release|Any CPU
		{773EA943-4FED-4BD8-B588-2B2DB2F831E7}.Release|Any CPU.Build.0 = Release|Any CPU
	EndGlobalSection
	GlobalSection(SolutionProperties) = preSolution
		HideSolutionNode = FALSE
	EndGlobalSection
	GlobalSection(ExtensibilityGlobals) = postSolution
		SolutionGuid = {C36201FD-DCC7-4CF9-9C36-9DC7E70DAAC4}
	EndGlobalSection
EndGlobal
