
Microsoft Visual Studio Solution File, Format Version 12.00
# Visual Studio Version 16
VisualStudioVersion = 16.0.30717.126
MinimumVisualStudioVersion = 10.0.40219.1
Project("{FAE04EC0-301F-11D3-BF4B-00C04F79EFBC}") = "215_AdditionalTask", "215_AdditionalTask\215_AdditionalTask.csproj", "{474909B5-6772-4056-9A74-DB203B13E3DD}"
EndProject
Project("{FAE04EC0-301F-11D3-BF4B-00C04F79EFBC}") = "215_Task2", "215_Task2\215_Task2.csproj", "{CABF3511-1DDE-44BC-BEB1-52E568404E7A}"
EndProject
Project("{FAE04EC0-301F-11D3-BF4B-00C04F79EFBC}") = "215_Task3", "215_Task3\215_Task3.csproj", "{6EA2D2D8-93B6-4690-8F5C-EB4B84683A23}"
EndProject
Global
	GlobalSection(SolutionConfigurationPlatforms) = preSolution
		Debug|Any CPU = Debug|Any CPU
		Release|Any CPU = Release|Any CPU
	EndGlobalSection
	GlobalSection(ProjectConfigurationPlatforms) = postSolution
		{474909B5-6772-4056-9A74-DB203B13E3DD}.Debug|Any CPU.ActiveCfg = Debug|Any CPU
		{474909B5-6772-4056-9A74-DB203B13E3DD}.Debug|Any CPU.Build.0 = Debug|Any CPU
		{474909B5-6772-4056-9A74-DB203B13E3DD}.Release|Any CPU.ActiveCfg = Release|Any CPU
		{474909B5-6772-4056-9A74-DB203B13E3DD}.Release|Any CPU.Build.0 = Release|Any CPU
		{CABF3511-1DDE-44BC-BEB1-52E568404E7A}.Debug|Any CPU.ActiveCfg = Debug|Any CPU
		{CABF3511-1DDE-44BC-BEB1-52E568404E7A}.Debug|Any CPU.Build.0 = Debug|Any CPU
		{CABF3511-1DDE-44BC-BEB1-52E568404E7A}.Release|Any CPU.ActiveCfg = Release|Any CPU
		{CABF3511-1DDE-44BC-BEB1-52E568404E7A}.Release|Any CPU.Build.0 = Release|Any CPU
		{6EA2D2D8-93B6-4690-8F5C-EB4B84683A23}.Debug|Any CPU.ActiveCfg = Debug|Any CPU
		{6EA2D2D8-93B6-4690-8F5C-EB4B84683A23}.Debug|Any CPU.Build.0 = Debug|Any CPU
		{6EA2D2D8-93B6-4690-8F5C-EB4B84683A23}.Release|Any CPU.ActiveCfg = Release|Any CPU
		{6EA2D2D8-93B6-4690-8F5C-EB4B84683A23}.Release|Any CPU.Build.0 = Release|Any CPU
	EndGlobalSection
	GlobalSection(SolutionProperties) = preSolution
		HideSolutionNode = FALSE
	EndGlobalSection
	GlobalSection(ExtensibilityGlobals) = postSolution
		SolutionGuid = {65754D93-B9FF-4EEE-ACAB-AADC0C8915DF}
	EndGlobalSection
EndGlobal
