
Microsoft Visual Studio Solution File, Format Version 12.00
# Visual Studio Version 16
VisualStudioVersion = 16.0.32510.428
MinimumVisualStudioVersion = 10.0.40219.1
Project("{FAE04EC0-301F-11D3-BF4B-00C04F79EFBC}") = "AdditionalTask", "AdditionalTask\AdditionalTask.csproj", "{65A5E907-3613-497D-A8FF-2A4F3183626E}"
EndProject
Project("{FAE04EC0-301F-11D3-BF4B-00C04F79EFBC}") = "Task1", "Task1\Task1.csproj", "{A0FD0CD9-33EF-4084-A920-959D9EA95E50}"
EndProject
Project("{FAE04EC0-301F-11D3-BF4B-00C04F79EFBC}") = "Task2", "Task2\Task2.csproj", "{7909712D-3F97-4C92-B216-910B9625FFA7}"
EndProject
Global
	GlobalSection(SolutionConfigurationPlatforms) = preSolution
		Debug|Any CPU = Debug|Any CPU
		Release|Any CPU = Release|Any CPU
	EndGlobalSection
	GlobalSection(ProjectConfigurationPlatforms) = postSolution
		{65A5E907-3613-497D-A8FF-2A4F3183626E}.Debug|Any CPU.ActiveCfg = Debug|Any CPU
		{65A5E907-3613-497D-A8FF-2A4F3183626E}.Debug|Any CPU.Build.0 = Debug|Any CPU
		{65A5E907-3613-497D-A8FF-2A4F3183626E}.Release|Any CPU.ActiveCfg = Release|Any CPU
		{65A5E907-3613-497D-A8FF-2A4F3183626E}.Release|Any CPU.Build.0 = Release|Any CPU
		{A0FD0CD9-33EF-4084-A920-959D9EA95E50}.Debug|Any CPU.ActiveCfg = Debug|Any CPU
		{A0FD0CD9-33EF-4084-A920-959D9EA95E50}.Debug|Any CPU.Build.0 = Debug|Any CPU
		{A0FD0CD9-33EF-4084-A920-959D9EA95E50}.Release|Any CPU.ActiveCfg = Release|Any CPU
		{A0FD0CD9-33EF-4084-A920-959D9EA95E50}.Release|Any CPU.Build.0 = Release|Any CPU
		{7909712D-3F97-4C92-B216-910B9625FFA7}.Debug|Any CPU.ActiveCfg = Debug|Any CPU
		{7909712D-3F97-4C92-B216-910B9625FFA7}.Debug|Any CPU.Build.0 = Debug|Any CPU
		{7909712D-3F97-4C92-B216-910B9625FFA7}.Release|Any CPU.ActiveCfg = Release|Any CPU
		{7909712D-3F97-4C92-B216-910B9625FFA7}.Release|Any CPU.Build.0 = Release|Any CPU
	EndGlobalSection
	GlobalSection(SolutionProperties) = preSolution
		HideSolutionNode = FALSE
	EndGlobalSection
	GlobalSection(ExtensibilityGlobals) = postSolution
		SolutionGuid = {CCF700F7-BC09-442F-81A2-D331C39AEA7D}
	EndGlobalSection
EndGlobal
