
Microsoft Visual Studio Solution File, Format Version 12.00
# Visual Studio Version 16
VisualStudioVersion = 16.0.32510.428
MinimumVisualStudioVersion = 10.0.40219.1
Project("{FAE04EC0-301F-11D3-BF4B-00C04F79EFBC}") = "AdditionalTask", "AdditionalTask\AdditionalTask.csproj", "{B2063A38-6A94-4D5A-AA11-D5677F9D4A1D}"
EndProject
Project("{FAE04EC0-301F-11D3-BF4B-00C04F79EFBC}") = "Task1", "Task1\Task1.csproj", "{6AB0B0EA-1502-4188-9B97-835C589AB77C}"
EndProject
Project("{FAE04EC0-301F-11D3-BF4B-00C04F79EFBC}") = "Task2", "Task2\Task2.csproj", "{31A084F3-C7E1-4AEA-8190-ADBAC2B709BF}"
EndProject
Global
	GlobalSection(SolutionConfigurationPlatforms) = preSolution
		Debug|Any CPU = Debug|Any CPU
		Release|Any CPU = Release|Any CPU
	EndGlobalSection
	GlobalSection(ProjectConfigurationPlatforms) = postSolution
		{B2063A38-6A94-4D5A-AA11-D5677F9D4A1D}.Debug|Any CPU.ActiveCfg = Debug|Any CPU
		{B2063A38-6A94-4D5A-AA11-D5677F9D4A1D}.Debug|Any CPU.Build.0 = Debug|Any CPU
		{B2063A38-6A94-4D5A-AA11-D5677F9D4A1D}.Release|Any CPU.ActiveCfg = Release|Any CPU
		{B2063A38-6A94-4D5A-AA11-D5677F9D4A1D}.Release|Any CPU.Build.0 = Release|Any CPU
		{6AB0B0EA-1502-4188-9B97-835C589AB77C}.Debug|Any CPU.ActiveCfg = Debug|Any CPU
		{6AB0B0EA-1502-4188-9B97-835C589AB77C}.Debug|Any CPU.Build.0 = Debug|Any CPU
		{6AB0B0EA-1502-4188-9B97-835C589AB77C}.Release|Any CPU.ActiveCfg = Release|Any CPU
		{6AB0B0EA-1502-4188-9B97-835C589AB77C}.Release|Any CPU.Build.0 = Release|Any CPU
		{31A084F3-C7E1-4AEA-8190-ADBAC2B709BF}.Debug|Any CPU.ActiveCfg = Debug|Any CPU
		{31A084F3-C7E1-4AEA-8190-ADBAC2B709BF}.Debug|Any CPU.Build.0 = Debug|Any CPU
		{31A084F3-C7E1-4AEA-8190-ADBAC2B709BF}.Release|Any CPU.ActiveCfg = Release|Any CPU
		{31A084F3-C7E1-4AEA-8190-ADBAC2B709BF}.Release|Any CPU.Build.0 = Release|Any CPU
	EndGlobalSection
	GlobalSection(SolutionProperties) = preSolution
		HideSolutionNode = FALSE
	EndGlobalSection
	GlobalSection(ExtensibilityGlobals) = postSolution
		SolutionGuid = {DE703C39-E013-4D3F-A249-35384F426BE4}
	EndGlobalSection
EndGlobal
