
Microsoft Visual Studio Solution File, Format Version 12.00
# Visual Studio Version 16
VisualStudioVersion = 16.0.31019.35
MinimumVisualStudioVersion = 10.0.40219.1
Project("{FAE04EC0-301F-11D3-BF4B-00C04F79EFBC}") = "309_AdditionalTask", "309_AdditionalTask\309_AdditionalTask.csproj", "{0A03743B-877F-435E-BC3E-AA51D7F10EF4}"
EndProject
Project("{FAE04EC0-301F-11D3-BF4B-00C04F79EFBC}") = "309_Task2", "309_Task2\309_Task2.csproj", "{5E047E01-035D-4ADE-8274-75748BA775A2}"
EndProject
Global
	GlobalSection(SolutionConfigurationPlatforms) = preSolution
		Debug|Any CPU = Debug|Any CPU
		Release|Any CPU = Release|Any CPU
	EndGlobalSection
	GlobalSection(ProjectConfigurationPlatforms) = postSolution
		{0A03743B-877F-435E-BC3E-AA51D7F10EF4}.Debug|Any CPU.ActiveCfg = Debug|Any CPU
		{0A03743B-877F-435E-BC3E-AA51D7F10EF4}.Debug|Any CPU.Build.0 = Debug|Any CPU
		{0A03743B-877F-435E-BC3E-AA51D7F10EF4}.Release|Any CPU.ActiveCfg = Release|Any CPU
		{0A03743B-877F-435E-BC3E-AA51D7F10EF4}.Release|Any CPU.Build.0 = Release|Any CPU
		{5E047E01-035D-4ADE-8274-75748BA775A2}.Debug|Any CPU.ActiveCfg = Debug|Any CPU
		{5E047E01-035D-4ADE-8274-75748BA775A2}.Debug|Any CPU.Build.0 = Debug|Any CPU
		{5E047E01-035D-4ADE-8274-75748BA775A2}.Release|Any CPU.ActiveCfg = Release|Any CPU
		{5E047E01-035D-4ADE-8274-75748BA775A2}.Release|Any CPU.Build.0 = Release|Any CPU
	EndGlobalSection
	GlobalSection(SolutionProperties) = preSolution
		HideSolutionNode = FALSE
	EndGlobalSection
	GlobalSection(ExtensibilityGlobals) = postSolution
		SolutionGuid = {A2268469-312E-4528-B708-A66E2829D69F}
	EndGlobalSection
EndGlobal
