
Microsoft Visual Studio Solution File, Format Version 12.00
# Visual Studio Version 16
VisualStudioVersion = 16.0.30621.155
MinimumVisualStudioVersion = 10.0.40219.1
Project("{FAE04EC0-301F-11D3-BF4B-00C04F79EFBC}") = "212_Task2", "212_Task2\212_Task2.csproj", "{52869E06-F458-4F53-ABED-DC8376D1454E}"
EndProject
Global
	GlobalSection(SolutionConfigurationPlatforms) = preSolution
		Debug|Any CPU = Debug|Any CPU
		Release|Any CPU = Release|Any CPU
	EndGlobalSection
	GlobalSection(ProjectConfigurationPlatforms) = postSolution
		{52869E06-F458-4F53-ABED-DC8376D1454E}.Debug|Any CPU.ActiveCfg = Debug|Any CPU
		{52869E06-F458-4F53-ABED-DC8376D1454E}.Debug|Any CPU.Build.0 = Debug|Any CPU
		{52869E06-F458-4F53-ABED-DC8376D1454E}.Release|Any CPU.ActiveCfg = Release|Any CPU
		{52869E06-F458-4F53-ABED-DC8376D1454E}.Release|Any CPU.Build.0 = Release|Any CPU
	EndGlobalSection
	GlobalSection(SolutionProperties) = preSolution
		HideSolutionNode = FALSE
	EndGlobalSection
	GlobalSection(ExtensibilityGlobals) = postSolution
		SolutionGuid = {112FDAC9-2A4C-4318-B6AE-7415E41C32C3}
	EndGlobalSection
EndGlobal
