
Microsoft Visual Studio Solution File, Format Version 12.00
# Visual Studio Version 16
VisualStudioVersion = 16.0.30621.155
MinimumVisualStudioVersion = 10.0.40219.1
Project("{FAE04EC0-301F-11D3-BF4B-00C04F79EFBC}") = "209_Task2", "209_Task2\209_Task2.csproj", "{57BAD959-454E-413B-B001-8613A09BDC5B}"
EndProject
Project("{FAE04EC0-301F-11D3-BF4B-00C04F79EFBC}") = "209_Task3", "209_Task3\209_Task3.csproj", "{08F355DD-620E-45CC-9C42-D0CC3AEA7C1E}"
EndProject
Project("{FAE04EC0-301F-11D3-BF4B-00C04F79EFBC}") = "209_AdditionalTask", "209_AdditionalTask\209_AdditionalTask.csproj", "{938C29FF-FF8C-4693-8606-CE651C540DA5}"
EndProject
Global
	GlobalSection(SolutionConfigurationPlatforms) = preSolution
		Debug|Any CPU = Debug|Any CPU
		Release|Any CPU = Release|Any CPU
	EndGlobalSection
	GlobalSection(ProjectConfigurationPlatforms) = postSolution
		{57BAD959-454E-413B-B001-8613A09BDC5B}.Debug|Any CPU.ActiveCfg = Debug|Any CPU
		{57BAD959-454E-413B-B001-8613A09BDC5B}.Debug|Any CPU.Build.0 = Debug|Any CPU
		{57BAD959-454E-413B-B001-8613A09BDC5B}.Release|Any CPU.ActiveCfg = Release|Any CPU
		{57BAD959-454E-413B-B001-8613A09BDC5B}.Release|Any CPU.Build.0 = Release|Any CPU
		{08F355DD-620E-45CC-9C42-D0CC3AEA7C1E}.Debug|Any CPU.ActiveCfg = Debug|Any CPU
		{08F355DD-620E-45CC-9C42-D0CC3AEA7C1E}.Debug|Any CPU.Build.0 = Debug|Any CPU
		{08F355DD-620E-45CC-9C42-D0CC3AEA7C1E}.Release|Any CPU.ActiveCfg = Release|Any CPU
		{08F355DD-620E-45CC-9C42-D0CC3AEA7C1E}.Release|Any CPU.Build.0 = Release|Any CPU
		{938C29FF-FF8C-4693-8606-CE651C540DA5}.Debug|Any CPU.ActiveCfg = Debug|Any CPU
		{938C29FF-FF8C-4693-8606-CE651C540DA5}.Debug|Any CPU.Build.0 = Debug|Any CPU
		{938C29FF-FF8C-4693-8606-CE651C540DA5}.Release|Any CPU.ActiveCfg = Release|Any CPU
		{938C29FF-FF8C-4693-8606-CE651C540DA5}.Release|Any CPU.Build.0 = Release|Any CPU
	EndGlobalSection
	GlobalSection(SolutionProperties) = preSolution
		HideSolutionNode = FALSE
	EndGlobalSection
	GlobalSection(ExtensibilityGlobals) = postSolution
		SolutionGuid = {F2819DB5-C70D-481F-897D-3D75011A67EA}
	EndGlobalSection
EndGlobal
