
Microsoft Visual Studio Solution File, Format Version 12.00
# Visual Studio Version 16
VisualStudioVersion = 16.0.30503.244
MinimumVisualStudioVersion = 10.0.40219.1
Project("{FAE04EC0-301F-11D3-BF4B-00C04F79EFBC}") = "023_IfElseOperator", "023_IfElseOperatior\023_IfElseOperator.csproj", "{095FEFD8-98C8-45EF-AEB4-4DDDC7C8825E}"
EndProject
Project("{FAE04EC0-301F-11D3-BF4B-00C04F79EFBC}") = "023_Triangles", "023_Triangles\023_Triangles.csproj", "{77523ADA-DAB9-403B-ADED-CD74A8307802}"
EndProject
Global
	GlobalSection(SolutionConfigurationPlatforms) = preSolution
		Debug|Any CPU = Debug|Any CPU
		Release|Any CPU = Release|Any CPU
	EndGlobalSection
	GlobalSection(ProjectConfigurationPlatforms) = postSolution
		{095FEFD8-98C8-45EF-AEB4-4DDDC7C8825E}.Debug|Any CPU.ActiveCfg = Debug|Any CPU
		{095FEFD8-98C8-45EF-AEB4-4DDDC7C8825E}.Debug|Any CPU.Build.0 = Debug|Any CPU
		{095FEFD8-98C8-45EF-AEB4-4DDDC7C8825E}.Release|Any CPU.ActiveCfg = Release|Any CPU
		{095FEFD8-98C8-45EF-AEB4-4DDDC7C8825E}.Release|Any CPU.Build.0 = Release|Any CPU
		{77523ADA-DAB9-403B-ADED-CD74A8307802}.Debug|Any CPU.ActiveCfg = Debug|Any CPU
		{77523ADA-DAB9-403B-ADED-CD74A8307802}.Debug|Any CPU.Build.0 = Debug|Any CPU
		{77523ADA-DAB9-403B-ADED-CD74A8307802}.Release|Any CPU.ActiveCfg = Release|Any CPU
		{77523ADA-DAB9-403B-ADED-CD74A8307802}.Release|Any CPU.Build.0 = Release|Any CPU
	EndGlobalSection
	GlobalSection(SolutionProperties) = preSolution
		HideSolutionNode = FALSE
	EndGlobalSection
	GlobalSection(ExtensibilityGlobals) = postSolution
		SolutionGuid = {69CEE9F1-0D84-4609-9722-E7DB20A18E7A}
	EndGlobalSection
EndGlobal
