
Microsoft Visual Studio Solution File, Format Version 12.00
# Visual Studio Version 16
VisualStudioVersion = 16.0.32510.428
MinimumVisualStudioVersion = 10.0.40219.1
Project("{FAE04EC0-301F-11D3-BF4B-00C04F79EFBC}") = "AdditionalTask", "AdditionalTask\AdditionalTask.csproj", "{64AC2C93-658E-4D83-A9D1-50438E14E979}"
EndProject
Project("{FAE04EC0-301F-11D3-BF4B-00C04F79EFBC}") = "LocalizatiorHelper", "LocalizatiorHelper\LocalizatiorHelper.csproj", "{5C60B4F7-44E0-4E7D-AE0D-869F490BF98C}"
EndProject
Project("{FAE04EC0-301F-11D3-BF4B-00C04F79EFBC}") = "Task1", "Task1\Task1.csproj", "{A7A9ADA8-EDCD-4177-B4F4-943B74361254}"
EndProject
Global
	GlobalSection(SolutionConfigurationPlatforms) = preSolution
		Debug|Any CPU = Debug|Any CPU
		Release|Any CPU = Release|Any CPU
	EndGlobalSection
	GlobalSection(ProjectConfigurationPlatforms) = postSolution
		{64AC2C93-658E-4D83-A9D1-50438E14E979}.Debug|Any CPU.ActiveCfg = Debug|Any CPU
		{64AC2C93-658E-4D83-A9D1-50438E14E979}.Debug|Any CPU.Build.0 = Debug|Any CPU
		{64AC2C93-658E-4D83-A9D1-50438E14E979}.Release|Any CPU.ActiveCfg = Release|Any CPU
		{64AC2C93-658E-4D83-A9D1-50438E14E979}.Release|Any CPU.Build.0 = Release|Any CPU
		{5C60B4F7-44E0-4E7D-AE0D-869F490BF98C}.Debug|Any CPU.ActiveCfg = Debug|Any CPU
		{5C60B4F7-44E0-4E7D-AE0D-869F490BF98C}.Debug|Any CPU.Build.0 = Debug|Any CPU
		{5C60B4F7-44E0-4E7D-AE0D-869F490BF98C}.Release|Any CPU.ActiveCfg = Release|Any CPU
		{5C60B4F7-44E0-4E7D-AE0D-869F490BF98C}.Release|Any CPU.Build.0 = Release|Any CPU
		{A7A9ADA8-EDCD-4177-B4F4-943B74361254}.Debug|Any CPU.ActiveCfg = Debug|Any CPU
		{A7A9ADA8-EDCD-4177-B4F4-943B74361254}.Debug|Any CPU.Build.0 = Debug|Any CPU
		{A7A9ADA8-EDCD-4177-B4F4-943B74361254}.Release|Any CPU.ActiveCfg = Release|Any CPU
		{A7A9ADA8-EDCD-4177-B4F4-943B74361254}.Release|Any CPU.Build.0 = Release|Any CPU
	EndGlobalSection
	GlobalSection(SolutionProperties) = preSolution
		HideSolutionNode = FALSE
	EndGlobalSection
	GlobalSection(ExtensibilityGlobals) = postSolution
		SolutionGuid = {EE6BD2B0-7E13-4DFF-9D0D-9E4D3663C198}
	EndGlobalSection
EndGlobal
