
Microsoft Visual Studio Solution File, Format Version 12.00
# Visual Studio Version 16
VisualStudioVersion = 16.0.31019.35
MinimumVisualStudioVersion = 10.0.40219.1
Project("{FAE04EC0-301F-11D3-BF4B-00C04F79EFBC}") = "315_AdditionalTask", "315_AdditionalTask\315_AdditionalTask.csproj", "{1BF437AD-68AE-472C-8C15-77D2CA0F99BC}"
EndProject
Global
	GlobalSection(SolutionConfigurationPlatforms) = preSolution
		Debug|Any CPU = Debug|Any CPU
		Release|Any CPU = Release|Any CPU
	EndGlobalSection
	GlobalSection(ProjectConfigurationPlatforms) = postSolution
		{1BF437AD-68AE-472C-8C15-77D2CA0F99BC}.Debug|Any CPU.ActiveCfg = Debug|Any CPU
		{1BF437AD-68AE-472C-8C15-77D2CA0F99BC}.Debug|Any CPU.Build.0 = Debug|Any CPU
		{1BF437AD-68AE-472C-8C15-77D2CA0F99BC}.Release|Any CPU.ActiveCfg = Release|Any CPU
		{1BF437AD-68AE-472C-8C15-77D2CA0F99BC}.Release|Any CPU.Build.0 = Release|Any CPU
	EndGlobalSection
	GlobalSection(SolutionProperties) = preSolution
		HideSolutionNode = FALSE
	EndGlobalSection
	GlobalSection(ExtensibilityGlobals) = postSolution
		SolutionGuid = {690823D4-E314-4194-8F70-C18CA184A1F3}
	EndGlobalSection
EndGlobal
