
Microsoft Visual Studio Solution File, Format Version 12.00
# Visual Studio Version 16
VisualStudioVersion = 16.0.32510.428
MinimumVisualStudioVersion = 10.0.40219.1
Project("{FAE04EC0-301F-11D3-BF4B-00C04F79EFBC}") = "AdditionalTask", "AdditionalTask\AdditionalTask.csproj", "{F1086B33-E763-4BD1-A26F-201C6A475EBE}"
EndProject
Project("{FAE04EC0-301F-11D3-BF4B-00C04F79EFBC}") = "Task1", "Task1\Task1.csproj", "{C39ECEC1-78D6-4B65-B993-34E867AB930E}"
EndProject
Global
	GlobalSection(SolutionConfigurationPlatforms) = preSolution
		Debug|Any CPU = Debug|Any CPU
		Release|Any CPU = Release|Any CPU
	EndGlobalSection
	GlobalSection(ProjectConfigurationPlatforms) = postSolution
		{F1086B33-E763-4BD1-A26F-201C6A475EBE}.Debug|Any CPU.ActiveCfg = Debug|Any CPU
		{F1086B33-E763-4BD1-A26F-201C6A475EBE}.Debug|Any CPU.Build.0 = Debug|Any CPU
		{F1086B33-E763-4BD1-A26F-201C6A475EBE}.Release|Any CPU.ActiveCfg = Release|Any CPU
		{F1086B33-E763-4BD1-A26F-201C6A475EBE}.Release|Any CPU.Build.0 = Release|Any CPU
		{C39ECEC1-78D6-4B65-B993-34E867AB930E}.Debug|Any CPU.ActiveCfg = Debug|Any CPU
		{C39ECEC1-78D6-4B65-B993-34E867AB930E}.Debug|Any CPU.Build.0 = Debug|Any CPU
		{C39ECEC1-78D6-4B65-B993-34E867AB930E}.Release|Any CPU.ActiveCfg = Release|Any CPU
		{C39ECEC1-78D6-4B65-B993-34E867AB930E}.Release|Any CPU.Build.0 = Release|Any CPU
	EndGlobalSection
	GlobalSection(SolutionProperties) = preSolution
		HideSolutionNode = FALSE
	EndGlobalSection
	GlobalSection(ExtensibilityGlobals) = postSolution
		SolutionGuid = {E4304DAA-9AC0-485C-8637-30D1E830A5D3}
	EndGlobalSection
EndGlobal
