
Microsoft Visual Studio Solution File, Format Version 12.00
# Visual Studio Version 16
VisualStudioVersion = 16.0.32510.428
MinimumVisualStudioVersion = 10.0.40219.1
Project("{FAE04EC0-301F-11D3-BF4B-00C04F79EFBC}") = "AdditionalTask", "AdditionalTask\AdditionalTask.csproj", "{6A5D3E28-8564-41EA-9056-139C034513DE}"
EndProject
Project("{FAE04EC0-301F-11D3-BF4B-00C04F79EFBC}") = "Task1", "Task1\Task1.csproj", "{08586963-5477-4879-837B-7A2A395D2571}"
EndProject
Project("{FAE04EC0-301F-11D3-BF4B-00C04F79EFBC}") = "Task2", "Task2\Task2.csproj", "{3C4B0927-74B6-44D6-9467-E853B63DF97E}"
EndProject
Global
	GlobalSection(SolutionConfigurationPlatforms) = preSolution
		Debug|Any CPU = Debug|Any CPU
		Release|Any CPU = Release|Any CPU
	EndGlobalSection
	GlobalSection(ProjectConfigurationPlatforms) = postSolution
		{6A5D3E28-8564-41EA-9056-139C034513DE}.Debug|Any CPU.ActiveCfg = Debug|Any CPU
		{6A5D3E28-8564-41EA-9056-139C034513DE}.Debug|Any CPU.Build.0 = Debug|Any CPU
		{6A5D3E28-8564-41EA-9056-139C034513DE}.Release|Any CPU.ActiveCfg = Release|Any CPU
		{6A5D3E28-8564-41EA-9056-139C034513DE}.Release|Any CPU.Build.0 = Release|Any CPU
		{08586963-5477-4879-837B-7A2A395D2571}.Debug|Any CPU.ActiveCfg = Debug|Any CPU
		{08586963-5477-4879-837B-7A2A395D2571}.Debug|Any CPU.Build.0 = Debug|Any CPU
		{08586963-5477-4879-837B-7A2A395D2571}.Release|Any CPU.ActiveCfg = Release|Any CPU
		{08586963-5477-4879-837B-7A2A395D2571}.Release|Any CPU.Build.0 = Release|Any CPU
		{3C4B0927-74B6-44D6-9467-E853B63DF97E}.Debug|Any CPU.ActiveCfg = Debug|Any CPU
		{3C4B0927-74B6-44D6-9467-E853B63DF97E}.Debug|Any CPU.Build.0 = Debug|Any CPU
		{3C4B0927-74B6-44D6-9467-E853B63DF97E}.Release|Any CPU.ActiveCfg = Release|Any CPU
		{3C4B0927-74B6-44D6-9467-E853B63DF97E}.Release|Any CPU.Build.0 = Release|Any CPU
	EndGlobalSection
	GlobalSection(SolutionProperties) = preSolution
		HideSolutionNode = FALSE
	EndGlobalSection
	GlobalSection(ExtensibilityGlobals) = postSolution
		SolutionGuid = {269CDBA5-0A15-4074-AD6F-35CFBC36D218}
	EndGlobalSection
EndGlobal
